
Microsoft Visual Studio Solution File, Format Version 12.00
# Visual Studio 15
VisualStudioVersion = 15.0.27428.2005
MinimumVisualStudioVersion = 10.0.40219.1
Project("{FAE04EC0-301F-11D3-BF4B-00C04F79EFBC}") = "DSupportWebApp", "DSupportWebApp\DSupportWebApp.csproj", "{C689655F-D87F-4938-A411-11F1619F3ABE}"
EndProject
Project("{FAE04EC0-301F-11D3-BF4B-00C04F79EFBC}") = "DSupportWebApp.Tests", "DSupportWebApp.Tests\DSupportWebApp.Tests.csproj", "{F5B208FC-5EE0-4F71-BCA6-37A6C2D3D072}"
EndProject
Global
	GlobalSection(SolutionConfigurationPlatforms) = preSolution
		Debug|Any CPU = Debug|Any CPU
		Release|Any CPU = Release|Any CPU
	EndGlobalSection
	GlobalSection(ProjectConfigurationPlatforms) = postSolution
		{C689655F-D87F-4938-A411-11F1619F3ABE}.Debug|Any CPU.ActiveCfg = Debug|Any CPU
		{C689655F-D87F-4938-A411-11F1619F3ABE}.Debug|Any CPU.Build.0 = Debug|Any CPU
		{C689655F-D87F-4938-A411-11F1619F3ABE}.Release|Any CPU.ActiveCfg = Release|Any CPU
		{C689655F-D87F-4938-A411-11F1619F3ABE}.Release|Any CPU.Build.0 = Release|Any CPU
		{F5B208FC-5EE0-4F71-BCA6-37A6C2D3D072}.Debug|Any CPU.ActiveCfg = Debug|Any CPU
		{F5B208FC-5EE0-4F71-BCA6-37A6C2D3D072}.Debug|Any CPU.Build.0 = Debug|Any CPU
		{F5B208FC-5EE0-4F71-BCA6-37A6C2D3D072}.Release|Any CPU.ActiveCfg = Release|Any CPU
		{F5B208FC-5EE0-4F71-BCA6-37A6C2D3D072}.Release|Any CPU.Build.0 = Release|Any CPU
	EndGlobalSection
	GlobalSection(SolutionProperties) = preSolution
		HideSolutionNode = FALSE
	EndGlobalSection
	GlobalSection(ExtensibilityGlobals) = postSolution
		SolutionGuid = {3FE150A2-E9D0-42B0-BC42-E0CCE11B3FAF}
	EndGlobalSection
EndGlobal
